// !$*UTF8*$!
{
	archiveVersion = 1;
	classes = {
	};
	objectVersion = 56;
	objects = {

/* Begin PBXBuildFile section */
		DF2F67AA2B2CC89400926E26 /* biometric.json in Resources */ = {isa = PBXBuildFile; fileRef = DF2F67A92B2CC89400926E26 /* biometric.json */; };
		DF2F67AD2B2CE4E900926E26 /* GovinfoSeparatorViewUI.swift in Sources */ = {isa = PBXBuildFile; fileRef = DF2F67AC2B2CE4E900926E26 /* GovinfoSeparatorViewUI.swift */; };
		DF2F67B02B2D05D100926E26 /* CatalogViewCell.swift in Sources */ = {isa = PBXBuildFile; fileRef = DF2F67AF2B2D05D100926E26 /* CatalogViewCell.swift */; };
		DF2F67B92B2D239200926E26 /* DetailsViewUI.swift in Sources */ = {isa = PBXBuildFile; fileRef = DF2F67B22B2D239200926E26 /* DetailsViewUI.swift */; };
		DF2F67BA2B2D239200926E26 /* DetailsPresenter.swift in Sources */ = {isa = PBXBuildFile; fileRef = DF2F67B32B2D239200926E26 /* DetailsPresenter.swift */; };
		DF2F67BB2B2D239200926E26 /* DetailsRouter.swift in Sources */ = {isa = PBXBuildFile; fileRef = DF2F67B42B2D239200926E26 /* DetailsRouter.swift */; };
		DF2F67BC2B2D239200926E26 /* DetailsViewController.swift in Sources */ = {isa = PBXBuildFile; fileRef = DF2F67B52B2D239200926E26 /* DetailsViewController.swift */; };
		DF2F67BD2B2D239200926E26 /* DetailsProtocols.swift in Sources */ = {isa = PBXBuildFile; fileRef = DF2F67B62B2D239200926E26 /* DetailsProtocols.swift */; };
		DF2F67BE2B2D239200926E26 /* DetailsInteractor.swift in Sources */ = {isa = PBXBuildFile; fileRef = DF2F67B72B2D239200926E26 /* DetailsInteractor.swift */; };
		DF2F67BF2B2D239200926E26 /* DetailsEntity.swift in Sources */ = {isa = PBXBuildFile; fileRef = DF2F67B82B2D239200926E26 /* DetailsEntity.swift */; };
		DF2F67C22B2D27F700926E26 /* GovinfoLabelViewUI.swift in Sources */ = {isa = PBXBuildFile; fileRef = DF2F67C12B2D27F700926E26 /* GovinfoLabelViewUI.swift */; };
		DF4AC9F22B303256006A3B63 /* BiometricHelperMock.swift in Sources */ = {isa = PBXBuildFile; fileRef = DF4AC9F12B303256006A3B63 /* BiometricHelperMock.swift */; };
		DF6D3B972B2A2EF70018EDCC /* NetworkManager.swift in Sources */ = {isa = PBXBuildFile; fileRef = DF6D3B962B2A2EF70018EDCC /* NetworkManager.swift */; };
		DF6D3B992B2A41780018EDCC /* ErrorResponse.swift in Sources */ = {isa = PBXBuildFile; fileRef = DF6D3B982B2A41780018EDCC /* ErrorResponse.swift */; };
		DF6D3BA32B2A45430018EDCC /* String+Extensions.swift in Sources */ = {isa = PBXBuildFile; fileRef = DF6D3BA22B2A45430018EDCC /* String+Extensions.swift */; };
		DF6D3BA52B2A4C0E0018EDCC /* URLsHelper.swift in Sources */ = {isa = PBXBuildFile; fileRef = DF6D3BA42B2A4C0E0018EDCC /* URLsHelper.swift */; };
		DF6D3BA92B2A5F7E0018EDCC /* gatongo.json in Resources */ = {isa = PBXBuildFile; fileRef = DF6D3BA82B2A5F7E0018EDCC /* gatongo.json */; };
		DF6D3BAD2B2A61E60018EDCC /* Localizable.strings in Resources */ = {isa = PBXBuildFile; fileRef = DF6D3BAF2B2A61E60018EDCC /* Localizable.strings */; };
		DF6D3BB12B2A67A80018EDCC /* Bundle+Extensions.swift in Sources */ = {isa = PBXBuildFile; fileRef = DF6D3BB02B2A67A80018EDCC /* Bundle+Extensions.swift */; };
		DF6D3BB42B2A689B0018EDCC /* GovinfoConstants.swift in Sources */ = {isa = PBXBuildFile; fileRef = DF6D3BB32B2A689B0018EDCC /* GovinfoConstants.swift */; };
		DF6D3BB82B2A69AE0018EDCC /* GovinfoViewController.swift in Sources */ = {isa = PBXBuildFile; fileRef = DF6D3BB72B2A69AE0018EDCC /* GovinfoViewController.swift */; };
		DF6D3BC02B2A6C530018EDCC /* LoginViewUI.swift in Sources */ = {isa = PBXBuildFile; fileRef = DF6D3BB92B2A6C530018EDCC /* LoginViewUI.swift */; };
		DF6D3BC12B2A6C530018EDCC /* LoginPresenter.swift in Sources */ = {isa = PBXBuildFile; fileRef = DF6D3BBA2B2A6C530018EDCC /* LoginPresenter.swift */; };
		DF6D3BC22B2A6C530018EDCC /* LoginRouter.swift in Sources */ = {isa = PBXBuildFile; fileRef = DF6D3BBB2B2A6C530018EDCC /* LoginRouter.swift */; };
		DF6D3BC32B2A6C530018EDCC /* LoginViewController.swift in Sources */ = {isa = PBXBuildFile; fileRef = DF6D3BBC2B2A6C530018EDCC /* LoginViewController.swift */; };
		DF6D3BC42B2A6C530018EDCC /* LoginProtocols.swift in Sources */ = {isa = PBXBuildFile; fileRef = DF6D3BBD2B2A6C530018EDCC /* LoginProtocols.swift */; };
		DF6D3BC52B2A6C530018EDCC /* LoginInteractor.swift in Sources */ = {isa = PBXBuildFile; fileRef = DF6D3BBE2B2A6C530018EDCC /* LoginInteractor.swift */; };
		DF6D3BC62B2A6C530018EDCC /* LoginEntity.swift in Sources */ = {isa = PBXBuildFile; fileRef = DF6D3BBF2B2A6C530018EDCC /* LoginEntity.swift */; };
		DF6D3BCA2B2A6C8D0018EDCC /* GovinfoLoaderViewUI.swift in Sources */ = {isa = PBXBuildFile; fileRef = DF6D3BC92B2A6C8D0018EDCC /* GovinfoLoaderViewUI.swift */; };
		DF6D3BCC2B2A71A00018EDCC /* UIApplication+Extension.swift in Sources */ = {isa = PBXBuildFile; fileRef = DF6D3BCB2B2A71A00018EDCC /* UIApplication+Extension.swift */; };
		DF6D3BCF2B2A86CC0018EDCC /* GovinfoTextfieldViewUI.swift in Sources */ = {isa = PBXBuildFile; fileRef = DF6D3BCE2B2A86CC0018EDCC /* GovinfoTextfieldViewUI.swift */; };
		DF6D3BD12B2A8CBE0018EDCC /* UIColor+Extensions.swift in Sources */ = {isa = PBXBuildFile; fileRef = DF6D3BD02B2A8CBE0018EDCC /* UIColor+Extensions.swift */; };
		DF6D3BD32B2A8DB80018EDCC /* Colors.xcassets in Resources */ = {isa = PBXBuildFile; fileRef = DF6D3BD22B2A8DB80018EDCC /* Colors.xcassets */; };
		DF6D3BD62B2A90900018EDCC /* GovinfoButtonViewUI.swift in Sources */ = {isa = PBXBuildFile; fileRef = DF6D3BD52B2A90900018EDCC /* GovinfoButtonViewUI.swift */; };
		DF6D3BD82B2A967E0018EDCC /* UIView+Extensions.swift in Sources */ = {isa = PBXBuildFile; fileRef = DF6D3BD72B2A967E0018EDCC /* UIView+Extensions.swift */; };
		DF6D3BDB2B2A9F1F0018EDCC /* Comic Sans MS.ttf in Resources */ = {isa = PBXBuildFile; fileRef = DF6D3BDA2B2A9F1F0018EDCC /* Comic Sans MS.ttf */; };
		DF6D3BDD2B2AA05E0018EDCC /* UIFont+Extensions.swift in Sources */ = {isa = PBXBuildFile; fileRef = DF6D3BDC2B2AA05E0018EDCC /* UIFont+Extensions.swift */; };
		DF81B51F2B2E2B7600ABD967 /* LocationHelper.swift in Sources */ = {isa = PBXBuildFile; fileRef = DF81B51E2B2E2B7600ABD967 /* LocationHelper.swift */; };
		DF8EE2242B2B66D300A86395 /* GoogleService-Info.plist in Resources */ = {isa = PBXBuildFile; fileRef = DF8EE2232B2B66D300A86395 /* GoogleService-Info.plist */; };
		DF8EE22A2B2B972F00A86395 /* GovinfoBiometricButtonViewUI.swift in Sources */ = {isa = PBXBuildFile; fileRef = DF8EE2292B2B972F00A86395 /* GovinfoBiometricButtonViewUI.swift */; };
		DF8EE22C2B2B9BCA00A86395 /* BiometricAuthHelper.swift in Sources */ = {isa = PBXBuildFile; fileRef = DF8EE22B2B2B9BCA00A86395 /* BiometricAuthHelper.swift */; };
		DF8EE22E2B2BA74100A86395 /* GovinfoCheckboxViewUI.swift in Sources */ = {isa = PBXBuildFile; fileRef = DF8EE22D2B2BA74100A86395 /* GovinfoCheckboxViewUI.swift */; };
		DF8EE2372B2C198100A86395 /* CatalogViewUI.swift in Sources */ = {isa = PBXBuildFile; fileRef = DF8EE2302B2C198100A86395 /* CatalogViewUI.swift */; };
		DF8EE2382B2C198100A86395 /* CatalogPresenter.swift in Sources */ = {isa = PBXBuildFile; fileRef = DF8EE2312B2C198100A86395 /* CatalogPresenter.swift */; };
		DF8EE2392B2C198100A86395 /* CatalogRouter.swift in Sources */ = {isa = PBXBuildFile; fileRef = DF8EE2322B2C198100A86395 /* CatalogRouter.swift */; };
		DF8EE23A2B2C198100A86395 /* CatalogViewController.swift in Sources */ = {isa = PBXBuildFile; fileRef = DF8EE2332B2C198100A86395 /* CatalogViewController.swift */; };
		DF8EE23B2B2C198100A86395 /* CatalogProtocols.swift in Sources */ = {isa = PBXBuildFile; fileRef = DF8EE2342B2C198100A86395 /* CatalogProtocols.swift */; };
		DF8EE23C2B2C198100A86395 /* CatalogInteractor.swift in Sources */ = {isa = PBXBuildFile; fileRef = DF8EE2352B2C198100A86395 /* CatalogInteractor.swift */; };
		DF8EE23D2B2C198100A86395 /* CatalogEntity.swift in Sources */ = {isa = PBXBuildFile; fileRef = DF8EE2362B2C198100A86395 /* CatalogEntity.swift */; };
		DF9DD5A72B3001DB00941097 /* SplasRouterTests.swift in Sources */ = {isa = PBXBuildFile; fileRef = DF9DD5A62B3001DB00941097 /* SplasRouterTests.swift */; };
		DF9DD5AC2B3005EF00941097 /* NetworkManagerMock.swift in Sources */ = {isa = PBXBuildFile; fileRef = DF9DD5AB2B3005EF00941097 /* NetworkManagerMock.swift */; };
		DF9DD5AE2B3007F400941097 /* SplashInteractorTests.swift in Sources */ = {isa = PBXBuildFile; fileRef = DF9DD5AD2B3007F400941097 /* SplashInteractorTests.swift */; };
		DF9DD5B12B3008F000941097 /* SplashPresenterMock.swift in Sources */ = {isa = PBXBuildFile; fileRef = DF9DD5B02B3008F000941097 /* SplashPresenterMock.swift */; };
		DF9DD5B32B300ADA00941097 /* SplashPresenterTests.swift in Sources */ = {isa = PBXBuildFile; fileRef = DF9DD5B22B300ADA00941097 /* SplashPresenterTests.swift */; };
		DF9DD5B52B300B1900941097 /* SplashInteractorMock.swift in Sources */ = {isa = PBXBuildFile; fileRef = DF9DD5B42B300B1900941097 /* SplashInteractorMock.swift */; };
		DF9DD5B72B300B5F00941097 /* SplasRouterMock.swift in Sources */ = {isa = PBXBuildFile; fileRef = DF9DD5B62B300B5F00941097 /* SplasRouterMock.swift */; };
		DF9DD5B92B300D4700941097 /* SplashViewControllerMock.swift in Sources */ = {isa = PBXBuildFile; fileRef = DF9DD5B82B300D4700941097 /* SplashViewControllerMock.swift */; };
		DF9DD5BB2B3011C100941097 /* SplashViewcontrollerTests.swift in Sources */ = {isa = PBXBuildFile; fileRef = DF9DD5BA2B3011C100941097 /* SplashViewcontrollerTests.swift */; };
		DF9DD5BD2B3019D900941097 /* GovinfoUITests.swift in Sources */ = {isa = PBXBuildFile; fileRef = DF9DD5BC2B3019D900941097 /* GovinfoUITests.swift */; };
		DF9DD5BF2B3019DF00941097 /* GovinfoUITestsLaunchTests.swift in Sources */ = {isa = PBXBuildFile; fileRef = DF9DD5BE2B3019DF00941097 /* GovinfoUITestsLaunchTests.swift */; };
		DF9DD5C12B301E1000941097 /* SplashViewUITests.swift in Sources */ = {isa = PBXBuildFile; fileRef = DF9DD5C02B301E1000941097 /* SplashViewUITests.swift */; };
		DF9DD5C32B301F2000941097 /* SplashEntityTests.swift in Sources */ = {isa = PBXBuildFile; fileRef = DF9DD5C22B301F2000941097 /* SplashEntityTests.swift */; };
		DF9DD5C62B301F8000941097 /* UIAlertController+Extension.swift in Sources */ = {isa = PBXBuildFile; fileRef = DF9DD5C52B301F8000941097 /* UIAlertController+Extension.swift */; };
		DF9DD5C92B3022F100941097 /* LoginPresenterTests.swift in Sources */ = {isa = PBXBuildFile; fileRef = DF9DD5C82B3022F100941097 /* LoginPresenterTests.swift */; };
		DF9DD5CB2B3022F800941097 /* LoginRouterTests.swift in Sources */ = {isa = PBXBuildFile; fileRef = DF9DD5CA2B3022F800941097 /* LoginRouterTests.swift */; };
		DF9DD5CD2B3022FD00941097 /* LoginInteractorTests.swift in Sources */ = {isa = PBXBuildFile; fileRef = DF9DD5CC2B3022FD00941097 /* LoginInteractorTests.swift */; };
		DF9DD5CF2B30230300941097 /* LoginViewControllerTests.swift in Sources */ = {isa = PBXBuildFile; fileRef = DF9DD5CE2B30230300941097 /* LoginViewControllerTests.swift */; };
		DF9DD5D12B30230900941097 /* LoginViewUITests.swift in Sources */ = {isa = PBXBuildFile; fileRef = DF9DD5D02B30230900941097 /* LoginViewUITests.swift */; };
		DF9DD5D62B30232100941097 /* LoginPresenterMock.swift in Sources */ = {isa = PBXBuildFile; fileRef = DF9DD5D52B30232100941097 /* LoginPresenterMock.swift */; };
		DF9DD5D82B30232800941097 /* LoginInteractorMock.swift in Sources */ = {isa = PBXBuildFile; fileRef = DF9DD5D72B30232800941097 /* LoginInteractorMock.swift */; };
		DF9DD5DA2B30232E00941097 /* LoginRouterMock.swift in Sources */ = {isa = PBXBuildFile; fileRef = DF9DD5D92B30232E00941097 /* LoginRouterMock.swift */; };
		DF9DD5DC2B30233400941097 /* LoginViewControllerMock.swift in Sources */ = {isa = PBXBuildFile; fileRef = DF9DD5DB2B30233400941097 /* LoginViewControllerMock.swift */; };
		DF9DD5DE2B30250F00941097 /* FirebaseHelper.swift in Sources */ = {isa = PBXBuildFile; fileRef = DF9DD5DD2B30250F00941097 /* FirebaseHelper.swift */; };
		DF9DD5E02B302A3100941097 /* FirebaseHelperMock.swift in Sources */ = {isa = PBXBuildFile; fileRef = DF9DD5DF2B302A3100941097 /* FirebaseHelperMock.swift */; };
		DFA9E9822B2A26640028DDE8 /* SplashViewUI.swift in Sources */ = {isa = PBXBuildFile; fileRef = DFA9E97B2B2A26640028DDE8 /* SplashViewUI.swift */; };
		DFA9E9832B2A26640028DDE8 /* SplashPresenter.swift in Sources */ = {isa = PBXBuildFile; fileRef = DFA9E97C2B2A26640028DDE8 /* SplashPresenter.swift */; };
		DFA9E9842B2A26640028DDE8 /* SplashRouter.swift in Sources */ = {isa = PBXBuildFile; fileRef = DFA9E97D2B2A26640028DDE8 /* SplashRouter.swift */; };
		DFA9E9852B2A26640028DDE8 /* SplashViewController.swift in Sources */ = {isa = PBXBuildFile; fileRef = DFA9E97E2B2A26640028DDE8 /* SplashViewController.swift */; };
		DFA9E9862B2A26640028DDE8 /* SplashProtocols.swift in Sources */ = {isa = PBXBuildFile; fileRef = DFA9E97F2B2A26640028DDE8 /* SplashProtocols.swift */; };
		DFA9E9872B2A26640028DDE8 /* SplashInteractor.swift in Sources */ = {isa = PBXBuildFile; fileRef = DFA9E9802B2A26640028DDE8 /* SplashInteractor.swift */; };
		DFA9E9882B2A26640028DDE8 /* SplashEntity.swift in Sources */ = {isa = PBXBuildFile; fileRef = DFA9E9812B2A26640028DDE8 /* SplashEntity.swift */; };
		DFA9F3C62B2A15B6004B24AE /* AppDelegate.swift in Sources */ = {isa = PBXBuildFile; fileRef = DFA9F3C52B2A15B6004B24AE /* AppDelegate.swift */; };
		DFA9F3D22B2A15B6004B24AE /* Assets.xcassets in Resources */ = {isa = PBXBuildFile; fileRef = DFA9F3D12B2A15B6004B24AE /* Assets.xcassets */; };
		DFB302932B2FD444002CD2C4 /* NetworkConnectionChecker.swift in Sources */ = {isa = PBXBuildFile; fileRef = DFB302922B2FD444002CD2C4 /* NetworkConnectionChecker.swift */; };
		DFFACE172B302D6E009E8FC7 /* GovinfoTests.swift in Sources */ = {isa = PBXBuildFile; fileRef = DFFACE162B302D6E009E8FC7 /* GovinfoTests.swift */; };
/* End PBXBuildFile section */

/* Begin PBXContainerItemProxy section */
		DFA9F3DC2B2A15B7004B24AE /* PBXContainerItemProxy */ = {
			isa = PBXContainerItemProxy;
			containerPortal = DFA9F3BA2B2A15B6004B24AE /* Project object */;
			proxyType = 1;
			remoteGlobalIDString = DFA9F3C12B2A15B6004B24AE;
			remoteInfo = Govinfo;
		};
		DFA9F3E62B2A15B7004B24AE /* PBXContainerItemProxy */ = {
			isa = PBXContainerItemProxy;
			containerPortal = DFA9F3BA2B2A15B6004B24AE /* Project object */;
			proxyType = 1;
			remoteGlobalIDString = DFA9F3C12B2A15B6004B24AE;
			remoteInfo = Govinfo;
		};
/* End PBXContainerItemProxy section */

/* Begin PBXFileReference section */
		DF2F67A92B2CC89400926E26 /* biometric.json */ = {isa = PBXFileReference; fileEncoding = 4; lastKnownFileType = text.json; path = biometric.json; sourceTree = "<group>"; };
		DF2F67AC2B2CE4E900926E26 /* GovinfoSeparatorViewUI.swift */ = {isa = PBXFileReference; lastKnownFileType = sourcecode.swift; path = GovinfoSeparatorViewUI.swift; sourceTree = "<group>"; };
		DF2F67AF2B2D05D100926E26 /* CatalogViewCell.swift */ = {isa = PBXFileReference; lastKnownFileType = sourcecode.swift; path = CatalogViewCell.swift; sourceTree = "<group>"; };
		DF2F67B22B2D239200926E26 /* DetailsViewUI.swift */ = {isa = PBXFileReference; lastKnownFileType = sourcecode.swift; path = DetailsViewUI.swift; sourceTree = "<group>"; };
		DF2F67B32B2D239200926E26 /* DetailsPresenter.swift */ = {isa = PBXFileReference; lastKnownFileType = sourcecode.swift; path = DetailsPresenter.swift; sourceTree = "<group>"; };
		DF2F67B42B2D239200926E26 /* DetailsRouter.swift */ = {isa = PBXFileReference; lastKnownFileType = sourcecode.swift; path = DetailsRouter.swift; sourceTree = "<group>"; };
		DF2F67B52B2D239200926E26 /* DetailsViewController.swift */ = {isa = PBXFileReference; lastKnownFileType = sourcecode.swift; path = DetailsViewController.swift; sourceTree = "<group>"; };
		DF2F67B62B2D239200926E26 /* DetailsProtocols.swift */ = {isa = PBXFileReference; lastKnownFileType = sourcecode.swift; path = DetailsProtocols.swift; sourceTree = "<group>"; };
		DF2F67B72B2D239200926E26 /* DetailsInteractor.swift */ = {isa = PBXFileReference; lastKnownFileType = sourcecode.swift; path = DetailsInteractor.swift; sourceTree = "<group>"; };
		DF2F67B82B2D239200926E26 /* DetailsEntity.swift */ = {isa = PBXFileReference; lastKnownFileType = sourcecode.swift; path = DetailsEntity.swift; sourceTree = "<group>"; };
		DF2F67C12B2D27F700926E26 /* GovinfoLabelViewUI.swift */ = {isa = PBXFileReference; lastKnownFileType = sourcecode.swift; path = GovinfoLabelViewUI.swift; sourceTree = "<group>"; };
		DF4AC9F12B303256006A3B63 /* BiometricHelperMock.swift */ = {isa = PBXFileReference; lastKnownFileType = sourcecode.swift; path = BiometricHelperMock.swift; sourceTree = "<group>"; };
		DF6D3B962B2A2EF70018EDCC /* NetworkManager.swift */ = {isa = PBXFileReference; lastKnownFileType = sourcecode.swift; path = NetworkManager.swift; sourceTree = "<group>"; };
		DF6D3B982B2A41780018EDCC /* ErrorResponse.swift */ = {isa = PBXFileReference; lastKnownFileType = sourcecode.swift; path = ErrorResponse.swift; sourceTree = "<group>"; };
		DF6D3BA22B2A45430018EDCC /* String+Extensions.swift */ = {isa = PBXFileReference; lastKnownFileType = sourcecode.swift; path = "String+Extensions.swift"; sourceTree = "<group>"; };
		DF6D3BA42B2A4C0E0018EDCC /* URLsHelper.swift */ = {isa = PBXFileReference; lastKnownFileType = sourcecode.swift; path = URLsHelper.swift; sourceTree = "<group>"; };
		DF6D3BA82B2A5F7E0018EDCC /* gatongo.json */ = {isa = PBXFileReference; fileEncoding = 4; lastKnownFileType = text.json; path = gatongo.json; sourceTree = "<group>"; };
		DF6D3BAE2B2A61E60018EDCC /* en */ = {isa = PBXFileReference; lastKnownFileType = text.plist.strings; name = en; path = en.lproj/Localizable.strings; sourceTree = "<group>"; };
		DF6D3BB02B2A67A80018EDCC /* Bundle+Extensions.swift */ = {isa = PBXFileReference; lastKnownFileType = sourcecode.swift; path = "Bundle+Extensions.swift"; sourceTree = "<group>"; };
		DF6D3BB32B2A689B0018EDCC /* GovinfoConstants.swift */ = {isa = PBXFileReference; lastKnownFileType = sourcecode.swift; path = GovinfoConstants.swift; sourceTree = "<group>"; };
		DF6D3BB72B2A69AE0018EDCC /* GovinfoViewController.swift */ = {isa = PBXFileReference; lastKnownFileType = sourcecode.swift; path = GovinfoViewController.swift; sourceTree = "<group>"; };
		DF6D3BB92B2A6C530018EDCC /* LoginViewUI.swift */ = {isa = PBXFileReference; lastKnownFileType = sourcecode.swift; path = LoginViewUI.swift; sourceTree = "<group>"; };
		DF6D3BBA2B2A6C530018EDCC /* LoginPresenter.swift */ = {isa = PBXFileReference; lastKnownFileType = sourcecode.swift; path = LoginPresenter.swift; sourceTree = "<group>"; };
		DF6D3BBB2B2A6C530018EDCC /* LoginRouter.swift */ = {isa = PBXFileReference; lastKnownFileType = sourcecode.swift; path = LoginRouter.swift; sourceTree = "<group>"; };
		DF6D3BBC2B2A6C530018EDCC /* LoginViewController.swift */ = {isa = PBXFileReference; lastKnownFileType = sourcecode.swift; path = LoginViewController.swift; sourceTree = "<group>"; };
		DF6D3BBD2B2A6C530018EDCC /* LoginProtocols.swift */ = {isa = PBXFileReference; lastKnownFileType = sourcecode.swift; path = LoginProtocols.swift; sourceTree = "<group>"; };
		DF6D3BBE2B2A6C530018EDCC /* LoginInteractor.swift */ = {isa = PBXFileReference; lastKnownFileType = sourcecode.swift; path = LoginInteractor.swift; sourceTree = "<group>"; };
		DF6D3BBF2B2A6C530018EDCC /* LoginEntity.swift */ = {isa = PBXFileReference; lastKnownFileType = sourcecode.swift; path = LoginEntity.swift; sourceTree = "<group>"; };
		DF6D3BC92B2A6C8D0018EDCC /* GovinfoLoaderViewUI.swift */ = {isa = PBXFileReference; lastKnownFileType = sourcecode.swift; path = GovinfoLoaderViewUI.swift; sourceTree = "<group>"; };
		DF6D3BCB2B2A71A00018EDCC /* UIApplication+Extension.swift */ = {isa = PBXFileReference; lastKnownFileType = sourcecode.swift; path = "UIApplication+Extension.swift"; sourceTree = "<group>"; };
		DF6D3BCE2B2A86CC0018EDCC /* GovinfoTextfieldViewUI.swift */ = {isa = PBXFileReference; lastKnownFileType = sourcecode.swift; path = GovinfoTextfieldViewUI.swift; sourceTree = "<group>"; };
		DF6D3BD02B2A8CBE0018EDCC /* UIColor+Extensions.swift */ = {isa = PBXFileReference; lastKnownFileType = sourcecode.swift; path = "UIColor+Extensions.swift"; sourceTree = "<group>"; };
		DF6D3BD22B2A8DB80018EDCC /* Colors.xcassets */ = {isa = PBXFileReference; lastKnownFileType = folder.assetcatalog; path = Colors.xcassets; sourceTree = "<group>"; };
		DF6D3BD52B2A90900018EDCC /* GovinfoButtonViewUI.swift */ = {isa = PBXFileReference; lastKnownFileType = sourcecode.swift; path = GovinfoButtonViewUI.swift; sourceTree = "<group>"; };
		DF6D3BD72B2A967E0018EDCC /* UIView+Extensions.swift */ = {isa = PBXFileReference; lastKnownFileType = sourcecode.swift; path = "UIView+Extensions.swift"; sourceTree = "<group>"; };
		DF6D3BDA2B2A9F1F0018EDCC /* Comic Sans MS.ttf */ = {isa = PBXFileReference; lastKnownFileType = file; path = "Comic Sans MS.ttf"; sourceTree = "<group>"; };
		DF6D3BDC2B2AA05E0018EDCC /* UIFont+Extensions.swift */ = {isa = PBXFileReference; lastKnownFileType = sourcecode.swift; path = "UIFont+Extensions.swift"; sourceTree = "<group>"; };
		DF81B51E2B2E2B7600ABD967 /* LocationHelper.swift */ = {isa = PBXFileReference; lastKnownFileType = sourcecode.swift; path = LocationHelper.swift; sourceTree = "<group>"; };
		DF8EE2232B2B66D300A86395 /* GoogleService-Info.plist */ = {isa = PBXFileReference; fileEncoding = 4; lastKnownFileType = text.plist.xml; path = "GoogleService-Info.plist"; sourceTree = "<group>"; };
		DF8EE2292B2B972F00A86395 /* GovinfoBiometricButtonViewUI.swift */ = {isa = PBXFileReference; lastKnownFileType = sourcecode.swift; path = GovinfoBiometricButtonViewUI.swift; sourceTree = "<group>"; };
		DF8EE22B2B2B9BCA00A86395 /* BiometricAuthHelper.swift */ = {isa = PBXFileReference; lastKnownFileType = sourcecode.swift; path = BiometricAuthHelper.swift; sourceTree = "<group>"; };
		DF8EE22D2B2BA74100A86395 /* GovinfoCheckboxViewUI.swift */ = {isa = PBXFileReference; lastKnownFileType = sourcecode.swift; path = GovinfoCheckboxViewUI.swift; sourceTree = "<group>"; };
		DF8EE2302B2C198100A86395 /* CatalogViewUI.swift */ = {isa = PBXFileReference; lastKnownFileType = sourcecode.swift; path = CatalogViewUI.swift; sourceTree = "<group>"; };
		DF8EE2312B2C198100A86395 /* CatalogPresenter.swift */ = {isa = PBXFileReference; lastKnownFileType = sourcecode.swift; path = CatalogPresenter.swift; sourceTree = "<group>"; };
		DF8EE2322B2C198100A86395 /* CatalogRouter.swift */ = {isa = PBXFileReference; lastKnownFileType = sourcecode.swift; path = CatalogRouter.swift; sourceTree = "<group>"; };
		DF8EE2332B2C198100A86395 /* CatalogViewController.swift */ = {isa = PBXFileReference; lastKnownFileType = sourcecode.swift; path = CatalogViewController.swift; sourceTree = "<group>"; };
		DF8EE2342B2C198100A86395 /* CatalogProtocols.swift */ = {isa = PBXFileReference; lastKnownFileType = sourcecode.swift; path = CatalogProtocols.swift; sourceTree = "<group>"; };
		DF8EE2352B2C198100A86395 /* CatalogInteractor.swift */ = {isa = PBXFileReference; lastKnownFileType = sourcecode.swift; path = CatalogInteractor.swift; sourceTree = "<group>"; };
		DF8EE2362B2C198100A86395 /* CatalogEntity.swift */ = {isa = PBXFileReference; lastKnownFileType = sourcecode.swift; path = CatalogEntity.swift; sourceTree = "<group>"; };
		DF9DD5A62B3001DB00941097 /* SplasRouterTests.swift */ = {isa = PBXFileReference; lastKnownFileType = sourcecode.swift; path = SplasRouterTests.swift; sourceTree = "<group>"; };
		DF9DD5A82B30043900941097 /* Govinfo.xctestplan */ = {isa = PBXFileReference; lastKnownFileType = text; name = Govinfo.xctestplan; path = GovinfoTests/Govinfo.xctestplan; sourceTree = SOURCE_ROOT; };
		DF9DD5AB2B3005EF00941097 /* NetworkManagerMock.swift */ = {isa = PBXFileReference; lastKnownFileType = sourcecode.swift; path = NetworkManagerMock.swift; sourceTree = "<group>"; };
		DF9DD5AD2B3007F400941097 /* SplashInteractorTests.swift */ = {isa = PBXFileReference; lastKnownFileType = sourcecode.swift; path = SplashInteractorTests.swift; sourceTree = "<group>"; };
		DF9DD5B02B3008F000941097 /* SplashPresenterMock.swift */ = {isa = PBXFileReference; lastKnownFileType = sourcecode.swift; path = SplashPresenterMock.swift; sourceTree = "<group>"; };
		DF9DD5B22B300ADA00941097 /* SplashPresenterTests.swift */ = {isa = PBXFileReference; lastKnownFileType = sourcecode.swift; path = SplashPresenterTests.swift; sourceTree = "<group>"; };
		DF9DD5B42B300B1900941097 /* SplashInteractorMock.swift */ = {isa = PBXFileReference; lastKnownFileType = sourcecode.swift; path = SplashInteractorMock.swift; sourceTree = "<group>"; };
		DF9DD5B62B300B5F00941097 /* SplasRouterMock.swift */ = {isa = PBXFileReference; lastKnownFileType = sourcecode.swift; path = SplasRouterMock.swift; sourceTree = "<group>"; };
		DF9DD5B82B300D4700941097 /* SplashViewControllerMock.swift */ = {isa = PBXFileReference; lastKnownFileType = sourcecode.swift; path = SplashViewControllerMock.swift; sourceTree = "<group>"; };
		DF9DD5BA2B3011C100941097 /* SplashViewcontrollerTests.swift */ = {isa = PBXFileReference; lastKnownFileType = sourcecode.swift; path = SplashViewcontrollerTests.swift; sourceTree = "<group>"; };
		DF9DD5BC2B3019D900941097 /* GovinfoUITests.swift */ = {isa = PBXFileReference; fileEncoding = 4; lastKnownFileType = sourcecode.swift; path = GovinfoUITests.swift; sourceTree = "<group>"; };
		DF9DD5BE2B3019DF00941097 /* GovinfoUITestsLaunchTests.swift */ = {isa = PBXFileReference; fileEncoding = 4; lastKnownFileType = sourcecode.swift; path = GovinfoUITestsLaunchTests.swift; sourceTree = "<group>"; };
		DF9DD5C02B301E1000941097 /* SplashViewUITests.swift */ = {isa = PBXFileReference; lastKnownFileType = sourcecode.swift; path = SplashViewUITests.swift; sourceTree = "<group>"; };
		DF9DD5C22B301F2000941097 /* SplashEntityTests.swift */ = {isa = PBXFileReference; lastKnownFileType = sourcecode.swift; path = SplashEntityTests.swift; sourceTree = "<group>"; };
		DF9DD5C52B301F8000941097 /* UIAlertController+Extension.swift */ = {isa = PBXFileReference; lastKnownFileType = sourcecode.swift; path = "UIAlertController+Extension.swift"; sourceTree = "<group>"; };
		DF9DD5C82B3022F100941097 /* LoginPresenterTests.swift */ = {isa = PBXFileReference; lastKnownFileType = sourcecode.swift; path = LoginPresenterTests.swift; sourceTree = "<group>"; };
		DF9DD5CA2B3022F800941097 /* LoginRouterTests.swift */ = {isa = PBXFileReference; lastKnownFileType = sourcecode.swift; path = LoginRouterTests.swift; sourceTree = "<group>"; };
		DF9DD5CC2B3022FD00941097 /* LoginInteractorTests.swift */ = {isa = PBXFileReference; lastKnownFileType = sourcecode.swift; path = LoginInteractorTests.swift; sourceTree = "<group>"; };
		DF9DD5CE2B30230300941097 /* LoginViewControllerTests.swift */ = {isa = PBXFileReference; lastKnownFileType = sourcecode.swift; path = LoginViewControllerTests.swift; sourceTree = "<group>"; };
		DF9DD5D02B30230900941097 /* LoginViewUITests.swift */ = {isa = PBXFileReference; lastKnownFileType = sourcecode.swift; path = LoginViewUITests.swift; sourceTree = "<group>"; };
		DF9DD5D52B30232100941097 /* LoginPresenterMock.swift */ = {isa = PBXFileReference; lastKnownFileType = sourcecode.swift; path = LoginPresenterMock.swift; sourceTree = "<group>"; };
		DF9DD5D72B30232800941097 /* LoginInteractorMock.swift */ = {isa = PBXFileReference; lastKnownFileType = sourcecode.swift; path = LoginInteractorMock.swift; sourceTree = "<group>"; };
		DF9DD5D92B30232E00941097 /* LoginRouterMock.swift */ = {isa = PBXFileReference; lastKnownFileType = sourcecode.swift; path = LoginRouterMock.swift; sourceTree = "<group>"; };
		DF9DD5DB2B30233400941097 /* LoginViewControllerMock.swift */ = {isa = PBXFileReference; lastKnownFileType = sourcecode.swift; path = LoginViewControllerMock.swift; sourceTree = "<group>"; };
		DF9DD5DD2B30250F00941097 /* FirebaseHelper.swift */ = {isa = PBXFileReference; lastKnownFileType = sourcecode.swift; path = FirebaseHelper.swift; sourceTree = "<group>"; };
		DF9DD5DF2B302A3100941097 /* FirebaseHelperMock.swift */ = {isa = PBXFileReference; lastKnownFileType = sourcecode.swift; path = FirebaseHelperMock.swift; sourceTree = "<group>"; };
		DFA9E97B2B2A26640028DDE8 /* SplashViewUI.swift */ = {isa = PBXFileReference; lastKnownFileType = sourcecode.swift; path = SplashViewUI.swift; sourceTree = "<group>"; };
		DFA9E97C2B2A26640028DDE8 /* SplashPresenter.swift */ = {isa = PBXFileReference; lastKnownFileType = sourcecode.swift; path = SplashPresenter.swift; sourceTree = "<group>"; };
		DFA9E97D2B2A26640028DDE8 /* SplashRouter.swift */ = {isa = PBXFileReference; lastKnownFileType = sourcecode.swift; path = SplashRouter.swift; sourceTree = "<group>"; };
		DFA9E97E2B2A26640028DDE8 /* SplashViewController.swift */ = {isa = PBXFileReference; lastKnownFileType = sourcecode.swift; path = SplashViewController.swift; sourceTree = "<group>"; };
		DFA9E97F2B2A26640028DDE8 /* SplashProtocols.swift */ = {isa = PBXFileReference; lastKnownFileType = sourcecode.swift; path = SplashProtocols.swift; sourceTree = "<group>"; };
		DFA9E9802B2A26640028DDE8 /* SplashInteractor.swift */ = {isa = PBXFileReference; lastKnownFileType = sourcecode.swift; path = SplashInteractor.swift; sourceTree = "<group>"; };
		DFA9E9812B2A26640028DDE8 /* SplashEntity.swift */ = {isa = PBXFileReference; lastKnownFileType = sourcecode.swift; path = SplashEntity.swift; sourceTree = "<group>"; };
		DFA9F3C22B2A15B6004B24AE /* Govinfo.app */ = {isa = PBXFileReference; explicitFileType = wrapper.application; includeInIndex = 0; path = Govinfo.app; sourceTree = BUILT_PRODUCTS_DIR; };
		DFA9F3C52B2A15B6004B24AE /* AppDelegate.swift */ = {isa = PBXFileReference; lastKnownFileType = sourcecode.swift; path = AppDelegate.swift; sourceTree = "<group>"; };
		DFA9F3D12B2A15B6004B24AE /* Assets.xcassets */ = {isa = PBXFileReference; lastKnownFileType = folder.assetcatalog; path = Assets.xcassets; sourceTree = "<group>"; };
		DFA9F3D62B2A15B6004B24AE /* Info.plist */ = {isa = PBXFileReference; lastKnownFileType = text.plist.xml; path = Info.plist; sourceTree = "<group>"; };
		DFA9F3DB2B2A15B7004B24AE /* GovinfoTests.xctest */ = {isa = PBXFileReference; explicitFileType = wrapper.cfbundle; includeInIndex = 0; path = GovinfoTests.xctest; sourceTree = BUILT_PRODUCTS_DIR; };
		DFA9F3E52B2A15B7004B24AE /* GovinfoUITests.xctest */ = {isa = PBXFileReference; explicitFileType = wrapper.cfbundle; includeInIndex = 0; path = GovinfoUITests.xctest; sourceTree = BUILT_PRODUCTS_DIR; };
		DFB302922B2FD444002CD2C4 /* NetworkConnectionChecker.swift */ = {isa = PBXFileReference; lastKnownFileType = sourcecode.swift; path = NetworkConnectionChecker.swift; sourceTree = "<group>"; };
		DFFACE162B302D6E009E8FC7 /* GovinfoTests.swift */ = {isa = PBXFileReference; fileEncoding = 4; lastKnownFileType = sourcecode.swift; name = GovinfoTests.swift; path = ../../../../../../.Trash/GovinfoTests.swift; sourceTree = "<group>"; };
/* End PBXFileReference section */

/* Begin PBXFrameworksBuildPhase section */
		DFA9F3BF2B2A15B6004B24AE /* Frameworks */ = {
			isa = PBXFrameworksBuildPhase;
			buildActionMask = 2147483647;
			files = (
			);
			runOnlyForDeploymentPostprocessing = 0;
		};
		DFA9F3D82B2A15B7004B24AE /* Frameworks */ = {
			isa = PBXFrameworksBuildPhase;
			buildActionMask = 2147483647;
			files = (
			);
			runOnlyForDeploymentPostprocessing = 0;
		};
		DFA9F3E22B2A15B7004B24AE /* Frameworks */ = {
			isa = PBXFrameworksBuildPhase;
			buildActionMask = 2147483647;
			files = (
			);
			runOnlyForDeploymentPostprocessing = 0;
		};
/* End PBXFrameworksBuildPhase section */

/* Begin PBXGroup section */
		521E700A8DF362D2ABDB14C0 /* Pods */ = {
			isa = PBXGroup;
			children = (
			);
			path = Pods;
			sourceTree = "<group>";
		};
		DF2F67AB2B2CE4D300926E26 /* Separators */ = {
			isa = PBXGroup;
			children = (
				DF2F67AC2B2CE4E900926E26 /* GovinfoSeparatorViewUI.swift */,
			);
			path = Separators;
			sourceTree = "<group>";
		};
		DF2F67AE2B2D05C000926E26 /* Cells */ = {
			isa = PBXGroup;
			children = (
				DF2F67AF2B2D05D100926E26 /* CatalogViewCell.swift */,
			);
			path = Cells;
			sourceTree = "<group>";
		};
		DF2F67B12B2D238400926E26 /* Details */ = {
			isa = PBXGroup;
			children = (
				DF2F67B22B2D239200926E26 /* DetailsViewUI.swift */,
				DF2F67B32B2D239200926E26 /* DetailsPresenter.swift */,
				DF2F67B42B2D239200926E26 /* DetailsRouter.swift */,
				DF2F67B52B2D239200926E26 /* DetailsViewController.swift */,
				DF2F67B62B2D239200926E26 /* DetailsProtocols.swift */,
				DF2F67B72B2D239200926E26 /* DetailsInteractor.swift */,
				DF2F67B82B2D239200926E26 /* DetailsEntity.swift */,
			);
			path = Details;
			sourceTree = "<group>";
		};
		DF2F67C02B2D27DD00926E26 /* Labels */ = {
			isa = PBXGroup;
			children = (
				DF2F67C12B2D27F700926E26 /* GovinfoLabelViewUI.swift */,
			);
			path = Labels;
			sourceTree = "<group>";
		};
		DF6D3B952B2A2EDB0018EDCC /* Network */ = {
			isa = PBXGroup;
			children = (
				DF6D3B962B2A2EF70018EDCC /* NetworkManager.swift */,
				DF6D3BA42B2A4C0E0018EDCC /* URLsHelper.swift */,
				DFB302922B2FD444002CD2C4 /* NetworkConnectionChecker.swift */,
				DF9DD5DD2B30250F00941097 /* FirebaseHelper.swift */,
			);
			path = Network;
			sourceTree = "<group>";
		};
		DF6D3B9A2B2A44390018EDCC /* Resources */ = {
			isa = PBXGroup;
			children = (
				DF6D3BD92B2A9EB10018EDCC /* Fonts */,
				DF6D3BC72B2A6C750018EDCC /* Components */,
				DF6D3BB62B2A699C0018EDCC /* Common */,
				DF6D3BA72B2A5F710018EDCC /* Lotties */,
				DF6D3BA12B2A45310018EDCC /* Extensions */,
				DF6D3B9B2B2A44400018EDCC /* Localizables */,
				DF6D3BD22B2A8DB80018EDCC /* Colors.xcassets */,
			);
			path = Resources;
			sourceTree = "<group>";
		};
		DF6D3B9B2B2A44400018EDCC /* Localizables */ = {
			isa = PBXGroup;
			children = (
				DF6D3BAF2B2A61E60018EDCC /* Localizable.strings */,
			);
			path = Localizables;
			sourceTree = "<group>";
		};
		DF6D3BA12B2A45310018EDCC /* Extensions */ = {
			isa = PBXGroup;
			children = (
				DF6D3BA22B2A45430018EDCC /* String+Extensions.swift */,
				DF6D3BB02B2A67A80018EDCC /* Bundle+Extensions.swift */,
				DF6D3BCB2B2A71A00018EDCC /* UIApplication+Extension.swift */,
				DF6D3BD02B2A8CBE0018EDCC /* UIColor+Extensions.swift */,
				DF6D3BD72B2A967E0018EDCC /* UIView+Extensions.swift */,
				DF6D3BDC2B2AA05E0018EDCC /* UIFont+Extensions.swift */,
			);
			path = Extensions;
			sourceTree = "<group>";
		};
		DF6D3BA72B2A5F710018EDCC /* Lotties */ = {
			isa = PBXGroup;
			children = (
				DF2F67A92B2CC89400926E26 /* biometric.json */,
				DF6D3BA82B2A5F7E0018EDCC /* gatongo.json */,
			);
			path = Lotties;
			sourceTree = "<group>";
		};
		DF6D3BB52B2A69670018EDCC /* Login */ = {
			isa = PBXGroup;
			children = (
				DF6D3BB92B2A6C530018EDCC /* LoginViewUI.swift */,
				DF6D3BBA2B2A6C530018EDCC /* LoginPresenter.swift */,
				DF6D3BBB2B2A6C530018EDCC /* LoginRouter.swift */,
				DF6D3BBC2B2A6C530018EDCC /* LoginViewController.swift */,
				DF6D3BBD2B2A6C530018EDCC /* LoginProtocols.swift */,
				DF6D3BBE2B2A6C530018EDCC /* LoginInteractor.swift */,
				DF6D3BBF2B2A6C530018EDCC /* LoginEntity.swift */,
			);
			path = Login;
			sourceTree = "<group>";
		};
		DF6D3BB62B2A699C0018EDCC /* Common */ = {
			isa = PBXGroup;
			children = (
				DF6D3BB32B2A689B0018EDCC /* GovinfoConstants.swift */,
				DF6D3B982B2A41780018EDCC /* ErrorResponse.swift */,
				DF6D3BB72B2A69AE0018EDCC /* GovinfoViewController.swift */,
				DF8EE22B2B2B9BCA00A86395 /* BiometricAuthHelper.swift */,
				DF81B51E2B2E2B7600ABD967 /* LocationHelper.swift */,
			);
			path = Common;
			sourceTree = "<group>";
		};
		DF6D3BC72B2A6C750018EDCC /* Components */ = {
			isa = PBXGroup;
			children = (
				DF2F67C02B2D27DD00926E26 /* Labels */,
				DF2F67AB2B2CE4D300926E26 /* Separators */,
				DF6D3BD42B2A907E0018EDCC /* Buttons */,
				DF6D3BCD2B2A86AE0018EDCC /* Textfields */,
				DF6D3BC82B2A6C7B0018EDCC /* Loaders */,
			);
			path = Components;
			sourceTree = "<group>";
		};
		DF6D3BC82B2A6C7B0018EDCC /* Loaders */ = {
			isa = PBXGroup;
			children = (
				DF6D3BC92B2A6C8D0018EDCC /* GovinfoLoaderViewUI.swift */,
			);
			path = Loaders;
			sourceTree = "<group>";
		};
		DF6D3BCD2B2A86AE0018EDCC /* Textfields */ = {
			isa = PBXGroup;
			children = (
				DF6D3BCE2B2A86CC0018EDCC /* GovinfoTextfieldViewUI.swift */,
			);
			path = Textfields;
			sourceTree = "<group>";
		};
		DF6D3BD42B2A907E0018EDCC /* Buttons */ = {
			isa = PBXGroup;
			children = (
				DF6D3BD52B2A90900018EDCC /* GovinfoButtonViewUI.swift */,
				DF8EE2292B2B972F00A86395 /* GovinfoBiometricButtonViewUI.swift */,
				DF8EE22D2B2BA74100A86395 /* GovinfoCheckboxViewUI.swift */,
			);
			path = Buttons;
			sourceTree = "<group>";
		};
		DF6D3BD92B2A9EB10018EDCC /* Fonts */ = {
			isa = PBXGroup;
			children = (
				DF6D3BDA2B2A9F1F0018EDCC /* Comic Sans MS.ttf */,
			);
			path = Fonts;
			sourceTree = "<group>";
		};
		DF8EE22F2B2C196F00A86395 /* Catalog */ = {
			isa = PBXGroup;
			children = (
				DF2F67AE2B2D05C000926E26 /* Cells */,
				DF8EE2302B2C198100A86395 /* CatalogViewUI.swift */,
				DF8EE2312B2C198100A86395 /* CatalogPresenter.swift */,
				DF8EE2322B2C198100A86395 /* CatalogRouter.swift */,
				DF8EE2332B2C198100A86395 /* CatalogViewController.swift */,
				DF8EE2342B2C198100A86395 /* CatalogProtocols.swift */,
				DF8EE2352B2C198100A86395 /* CatalogInteractor.swift */,
				DF8EE2362B2C198100A86395 /* CatalogEntity.swift */,
			);
			path = Catalog;
			sourceTree = "<group>";
		};
		DF9DD5A42B3001AC00941097 /* Modules */ = {
			isa = PBXGroup;
			children = (
				DF9DD5C72B30221F00941097 /* Login */,
				DF9DD5A52B3001B300941097 /* Splash */,
			);
			path = Modules;
			sourceTree = "<group>";
		};
		DF9DD5A52B3001B300941097 /* Splash */ = {
			isa = PBXGroup;
			children = (
				DF9DD5AF2B3008E400941097 /* Mocks */,
				DF9DD5B22B300ADA00941097 /* SplashPresenterTests.swift */,
				DF9DD5A62B3001DB00941097 /* SplasRouterTests.swift */,
				DF9DD5AD2B3007F400941097 /* SplashInteractorTests.swift */,
				DF9DD5BA2B3011C100941097 /* SplashViewcontrollerTests.swift */,
				DF9DD5C02B301E1000941097 /* SplashViewUITests.swift */,
				DF9DD5C22B301F2000941097 /* SplashEntityTests.swift */,
			);
			path = Splash;
			sourceTree = "<group>";
		};
		DF9DD5A92B3005C800941097 /* Network */ = {
			isa = PBXGroup;
			children = (
				DF9DD5AB2B3005EF00941097 /* NetworkManagerMock.swift */,
				DF9DD5DF2B302A3100941097 /* FirebaseHelperMock.swift */,
			);
			path = Network;
			sourceTree = "<group>";
		};
		DF9DD5AF2B3008E400941097 /* Mocks */ = {
			isa = PBXGroup;
			children = (
				DF9DD5B02B3008F000941097 /* SplashPresenterMock.swift */,
				DF9DD5B42B300B1900941097 /* SplashInteractorMock.swift */,
				DF9DD5B62B300B5F00941097 /* SplasRouterMock.swift */,
				DF9DD5B82B300D4700941097 /* SplashViewControllerMock.swift */,
			);
			path = Mocks;
			sourceTree = "<group>";
		};
		DF9DD5C42B301F6C00941097 /* Utils */ = {
			isa = PBXGroup;
			children = (
				DF9DD5C52B301F8000941097 /* UIAlertController+Extension.swift */,
				DF4AC9F12B303256006A3B63 /* BiometricHelperMock.swift */,
			);
			path = Utils;
			sourceTree = "<group>";
		};
		DF9DD5C72B30221F00941097 /* Login */ = {
			isa = PBXGroup;
			children = (
				DF9DD5D42B30231700941097 /* Mock */,
				DF9DD5C82B3022F100941097 /* LoginPresenterTests.swift */,
				DF9DD5CA2B3022F800941097 /* LoginRouterTests.swift */,
				DF9DD5CC2B3022FD00941097 /* LoginInteractorTests.swift */,
				DF9DD5CE2B30230300941097 /* LoginViewControllerTests.swift */,
				DF9DD5D02B30230900941097 /* LoginViewUITests.swift */,
			);
			path = Login;
			sourceTree = "<group>";
		};
		DF9DD5D42B30231700941097 /* Mock */ = {
			isa = PBXGroup;
			children = (
				DF9DD5D52B30232100941097 /* LoginPresenterMock.swift */,
				DF9DD5D72B30232800941097 /* LoginInteractorMock.swift */,
				DF9DD5D92B30232E00941097 /* LoginRouterMock.swift */,
				DF9DD5DB2B30233400941097 /* LoginViewControllerMock.swift */,
			);
			path = Mock;
			sourceTree = "<group>";
		};
		DFA9E9892B2A27BC0028DDE8 /* Base */ = {
			isa = PBXGroup;
			children = (
				DFA9F3C52B2A15B6004B24AE /* AppDelegate.swift */,
			);
			path = Base;
			sourceTree = "<group>";
		};
		DFA9F3B92B2A15B6004B24AE = {
			isa = PBXGroup;
			children = (
				DFA9F3C42B2A15B6004B24AE /* Govinfo */,
				DFA9F3DE2B2A15B7004B24AE /* GovinfoTests */,
				DFA9F3E82B2A15B7004B24AE /* GovinfoUITests */,
				DFA9F3C32B2A15B6004B24AE /* Products */,
				521E700A8DF362D2ABDB14C0 /* Pods */,
			);
			sourceTree = "<group>";
		};
		DFA9F3C32B2A15B6004B24AE /* Products */ = {
			isa = PBXGroup;
			children = (
				DFA9F3C22B2A15B6004B24AE /* Govinfo.app */,
				DFA9F3DB2B2A15B7004B24AE /* GovinfoTests.xctest */,
				DFA9F3E52B2A15B7004B24AE /* GovinfoUITests.xctest */,
			);
			name = Products;
			sourceTree = "<group>";
		};
		DFA9F3C42B2A15B6004B24AE /* Govinfo */ = {
			isa = PBXGroup;
			children = (
				DF8EE2232B2B66D300A86395 /* GoogleService-Info.plist */,
				DFA9E9892B2A27BC0028DDE8 /* Base */,
				DF6D3B9A2B2A44390018EDCC /* Resources */,
				DF6D3B952B2A2EDB0018EDCC /* Network */,
				DFA9F3F82B2A1680004B24AE /* Modules */,
				DFA9F3D12B2A15B6004B24AE /* Assets.xcassets */,
				DFA9F3D62B2A15B6004B24AE /* Info.plist */,
			);
			path = Govinfo;
			sourceTree = "<group>";
		};
		DFA9F3DE2B2A15B7004B24AE /* GovinfoTests */ = {
			isa = PBXGroup;
			children = (
				DF9DD5A82B30043900941097 /* Govinfo.xctestplan */,
				DFFACE162B302D6E009E8FC7 /* GovinfoTests.swift */,
				DF9DD5C42B301F6C00941097 /* Utils */,
				DF9DD5A92B3005C800941097 /* Network */,
				DF9DD5A42B3001AC00941097 /* Modules */,
			);
			path = GovinfoTests;
			sourceTree = "<group>";
		};
		DFA9F3E82B2A15B7004B24AE /* GovinfoUITests */ = {
			isa = PBXGroup;
			children = (
				DF9DD5BC2B3019D900941097 /* GovinfoUITests.swift */,
				DF9DD5BE2B3019DF00941097 /* GovinfoUITestsLaunchTests.swift */,
			);
			path = GovinfoUITests;
			sourceTree = "<group>";
		};
		DFA9F3F82B2A1680004B24AE /* Modules */ = {
			isa = PBXGroup;
			children = (
				DFA9F3F92B2A1688004B24AE /* Splash */,
				DF6D3BB52B2A69670018EDCC /* Login */,
				DF8EE22F2B2C196F00A86395 /* Catalog */,
				DF2F67B12B2D238400926E26 /* Details */,
			);
			path = Modules;
			sourceTree = "<group>";
		};
		DFA9F3F92B2A1688004B24AE /* Splash */ = {
			isa = PBXGroup;
			children = (
				DFA9E97B2B2A26640028DDE8 /* SplashViewUI.swift */,
				DFA9E97C2B2A26640028DDE8 /* SplashPresenter.swift */,
				DFA9E97D2B2A26640028DDE8 /* SplashRouter.swift */,
				DFA9E97E2B2A26640028DDE8 /* SplashViewController.swift */,
				DFA9E97F2B2A26640028DDE8 /* SplashProtocols.swift */,
				DFA9E9802B2A26640028DDE8 /* SplashInteractor.swift */,
				DFA9E9812B2A26640028DDE8 /* SplashEntity.swift */,
			);
			path = Splash;
			sourceTree = "<group>";
		};
/* End PBXGroup section */

/* Begin PBXNativeTarget section */
		DFA9F3C12B2A15B6004B24AE /* Govinfo */ = {
			isa = PBXNativeTarget;
			buildConfigurationList = DFA9F3EF2B2A15B7004B24AE /* Build configuration list for PBXNativeTarget "Govinfo" */;
			buildPhases = (
				DFA9F3BE2B2A15B6004B24AE /* Sources */,
				DFA9F3BF2B2A15B6004B24AE /* Frameworks */,
				DFA9F3C02B2A15B6004B24AE /* Resources */,
			);
			buildRules = (
			);
			dependencies = (
			);
			name = Govinfo;
			productName = Govinfo;
			productReference = DFA9F3C22B2A15B6004B24AE /* Govinfo.app */;
			productType = "com.apple.product-type.application";
		};
		DFA9F3DA2B2A15B7004B24AE /* GovinfoTests */ = {
			isa = PBXNativeTarget;
			buildConfigurationList = DFA9F3F22B2A15B7004B24AE /* Build configuration list for PBXNativeTarget "GovinfoTests" */;
			buildPhases = (
				DFA9F3D72B2A15B7004B24AE /* Sources */,
				DFA9F3D82B2A15B7004B24AE /* Frameworks */,
				DFA9F3D92B2A15B7004B24AE /* Resources */,
			);
			buildRules = (
			);
			dependencies = (
				DFA9F3DD2B2A15B7004B24AE /* PBXTargetDependency */,
			);
			name = GovinfoTests;
			productName = GovinfoTests;
			productReference = DFA9F3DB2B2A15B7004B24AE /* GovinfoTests.xctest */;
			productType = "com.apple.product-type.bundle.unit-test";
		};
		DFA9F3E42B2A15B7004B24AE /* GovinfoUITests */ = {
			isa = PBXNativeTarget;
			buildConfigurationList = DFA9F3F52B2A15B7004B24AE /* Build configuration list for PBXNativeTarget "GovinfoUITests" */;
			buildPhases = (
				DFA9F3E12B2A15B7004B24AE /* Sources */,
				DFA9F3E22B2A15B7004B24AE /* Frameworks */,
				DFA9F3E32B2A15B7004B24AE /* Resources */,
			);
			buildRules = (
			);
			dependencies = (
				DFA9F3E72B2A15B7004B24AE /* PBXTargetDependency */,
			);
			name = GovinfoUITests;
			productName = GovinfoUITests;
			productReference = DFA9F3E52B2A15B7004B24AE /* GovinfoUITests.xctest */;
			productType = "com.apple.product-type.bundle.ui-testing";
		};
/* End PBXNativeTarget section */

/* Begin PBXProject section */
		DFA9F3BA2B2A15B6004B24AE /* Project object */ = {
			isa = PBXProject;
			attributes = {
				BuildIndependentTargetsInParallel = 1;
				LastSwiftUpdateCheck = 1430;
				LastUpgradeCheck = 1430;
				TargetAttributes = {
					DFA9F3C12B2A15B6004B24AE = {
						CreatedOnToolsVersion = 14.3.1;
					};
					DFA9F3DA2B2A15B7004B24AE = {
						CreatedOnToolsVersion = 14.3.1;
						TestTargetID = DFA9F3C12B2A15B6004B24AE;
					};
					DFA9F3E42B2A15B7004B24AE = {
						CreatedOnToolsVersion = 14.3.1;
						LastSwiftMigration = 1430;
						TestTargetID = DFA9F3C12B2A15B6004B24AE;
					};
				};
			};
			buildConfigurationList = DFA9F3BD2B2A15B6004B24AE /* Build configuration list for PBXProject "Govinfo" */;
			compatibilityVersion = "Xcode 14.0";
			developmentRegion = en;
			hasScannedForEncodings = 0;
			knownRegions = (
				Base,
				en,
			);
			mainGroup = DFA9F3B92B2A15B6004B24AE;
			productRefGroup = DFA9F3C32B2A15B6004B24AE /* Products */;
			projectDirPath = "";
			projectRoot = "";
			targets = (
				DFA9F3C12B2A15B6004B24AE /* Govinfo */,
				DFA9F3DA2B2A15B7004B24AE /* GovinfoTests */,
				DFA9F3E42B2A15B7004B24AE /* GovinfoUITests */,
			);
		};
/* End PBXProject section */

/* Begin PBXResourcesBuildPhase section */
		DFA9F3C02B2A15B6004B24AE /* Resources */ = {
			isa = PBXResourcesBuildPhase;
			buildActionMask = 2147483647;
			files = (
				DFA9F3D22B2A15B6004B24AE /* Assets.xcassets in Resources */,
				DF6D3BDB2B2A9F1F0018EDCC /* Comic Sans MS.ttf in Resources */,
				DF6D3BD32B2A8DB80018EDCC /* Colors.xcassets in Resources */,
				DF6D3BAD2B2A61E60018EDCC /* Localizable.strings in Resources */,
				DF2F67AA2B2CC89400926E26 /* biometric.json in Resources */,
				DF6D3BA92B2A5F7E0018EDCC /* gatongo.json in Resources */,
				DF8EE2242B2B66D300A86395 /* GoogleService-Info.plist in Resources */,
			);
			runOnlyForDeploymentPostprocessing = 0;
		};
		DFA9F3D92B2A15B7004B24AE /* Resources */ = {
			isa = PBXResourcesBuildPhase;
			buildActionMask = 2147483647;
			files = (
			);
			runOnlyForDeploymentPostprocessing = 0;
		};
		DFA9F3E32B2A15B7004B24AE /* Resources */ = {
			isa = PBXResourcesBuildPhase;
			buildActionMask = 2147483647;
			files = (
			);
			runOnlyForDeploymentPostprocessing = 0;
		};
/* End PBXResourcesBuildPhase section */

/* Begin PBXSourcesBuildPhase section */
		DFA9F3BE2B2A15B6004B24AE /* Sources */ = {
			isa = PBXSourcesBuildPhase;
			buildActionMask = 2147483647;
			files = (
				DFA9E9862B2A26640028DDE8 /* SplashProtocols.swift in Sources */,
				DF6D3B972B2A2EF70018EDCC /* NetworkManager.swift in Sources */,
				DF8EE23D2B2C198100A86395 /* CatalogEntity.swift in Sources */,
				DFA9E9842B2A26640028DDE8 /* SplashRouter.swift in Sources */,
				DF6D3BA32B2A45430018EDCC /* String+Extensions.swift in Sources */,
				DFA9E9832B2A26640028DDE8 /* SplashPresenter.swift in Sources */,
				DF6D3BA52B2A4C0E0018EDCC /* URLsHelper.swift in Sources */,
				DFA9E9872B2A26640028DDE8 /* SplashInteractor.swift in Sources */,
				DFB302932B2FD444002CD2C4 /* NetworkConnectionChecker.swift in Sources */,
				DF2F67B92B2D239200926E26 /* DetailsViewUI.swift in Sources */,
				DF8EE2382B2C198100A86395 /* CatalogPresenter.swift in Sources */,
				DF2F67BC2B2D239200926E26 /* DetailsViewController.swift in Sources */,
				DF8EE22A2B2B972F00A86395 /* GovinfoBiometricButtonViewUI.swift in Sources */,
				DF6D3BC32B2A6C530018EDCC /* LoginViewController.swift in Sources */,
				DF6D3BCF2B2A86CC0018EDCC /* GovinfoTextfieldViewUI.swift in Sources */,
				DFA9E9822B2A26640028DDE8 /* SplashViewUI.swift in Sources */,
				DFA9E9852B2A26640028DDE8 /* SplashViewController.swift in Sources */,
				DFA9F3C62B2A15B6004B24AE /* AppDelegate.swift in Sources */,
				DF2F67BA2B2D239200926E26 /* DetailsPresenter.swift in Sources */,
				DF8EE22E2B2BA74100A86395 /* GovinfoCheckboxViewUI.swift in Sources */,
				DF81B51F2B2E2B7600ABD967 /* LocationHelper.swift in Sources */,
				DF6D3BC52B2A6C530018EDCC /* LoginInteractor.swift in Sources */,
				DF2F67C22B2D27F700926E26 /* GovinfoLabelViewUI.swift in Sources */,
				DF6D3BCA2B2A6C8D0018EDCC /* GovinfoLoaderViewUI.swift in Sources */,
				DF6D3BC02B2A6C530018EDCC /* LoginViewUI.swift in Sources */,
				DF6D3BC12B2A6C530018EDCC /* LoginPresenter.swift in Sources */,
				DF8EE2372B2C198100A86395 /* CatalogViewUI.swift in Sources */,
				DFA9E9882B2A26640028DDE8 /* SplashEntity.swift in Sources */,
				DF8EE23A2B2C198100A86395 /* CatalogViewController.swift in Sources */,
				DF6D3BC42B2A6C530018EDCC /* LoginProtocols.swift in Sources */,
				DF2F67BD2B2D239200926E26 /* DetailsProtocols.swift in Sources */,
				DF2F67BB2B2D239200926E26 /* DetailsRouter.swift in Sources */,
				DF8EE23C2B2C198100A86395 /* CatalogInteractor.swift in Sources */,
				DF8EE23B2B2C198100A86395 /* CatalogProtocols.swift in Sources */,
				DF6D3BC22B2A6C530018EDCC /* LoginRouter.swift in Sources */,
				DF6D3BB42B2A689B0018EDCC /* GovinfoConstants.swift in Sources */,
				DF6D3BB82B2A69AE0018EDCC /* GovinfoViewController.swift in Sources */,
				DF8EE2392B2C198100A86395 /* CatalogRouter.swift in Sources */,
				DF6D3BC62B2A6C530018EDCC /* LoginEntity.swift in Sources */,
				DF6D3BD82B2A967E0018EDCC /* UIView+Extensions.swift in Sources */,
				DF8EE22C2B2B9BCA00A86395 /* BiometricAuthHelper.swift in Sources */,
				DF6D3B992B2A41780018EDCC /* ErrorResponse.swift in Sources */,
				DF6D3BCC2B2A71A00018EDCC /* UIApplication+Extension.swift in Sources */,
				DF6D3BD62B2A90900018EDCC /* GovinfoButtonViewUI.swift in Sources */,
				DF2F67BE2B2D239200926E26 /* DetailsInteractor.swift in Sources */,
				DF6D3BD12B2A8CBE0018EDCC /* UIColor+Extensions.swift in Sources */,
				DF2F67AD2B2CE4E900926E26 /* GovinfoSeparatorViewUI.swift in Sources */,
				DF6D3BDD2B2AA05E0018EDCC /* UIFont+Extensions.swift in Sources */,
				DF9DD5DE2B30250F00941097 /* FirebaseHelper.swift in Sources */,
				DF6D3BB12B2A67A80018EDCC /* Bundle+Extensions.swift in Sources */,
				DF2F67B02B2D05D100926E26 /* CatalogViewCell.swift in Sources */,
				DF2F67BF2B2D239200926E26 /* DetailsEntity.swift in Sources */,
			);
			runOnlyForDeploymentPostprocessing = 0;
		};
		DFA9F3D72B2A15B7004B24AE /* Sources */ = {
			isa = PBXSourcesBuildPhase;
			buildActionMask = 2147483647;
			files = (
				DF9DD5CB2B3022F800941097 /* LoginRouterTests.swift in Sources */,
				DF9DD5A72B3001DB00941097 /* SplasRouterTests.swift in Sources */,
				DF9DD5B32B300ADA00941097 /* SplashPresenterTests.swift in Sources */,
				DF9DD5AC2B3005EF00941097 /* NetworkManagerMock.swift in Sources */,
				DF9DD5CD2B3022FD00941097 /* LoginInteractorTests.swift in Sources */,
				DF9DD5AE2B3007F400941097 /* SplashInteractorTests.swift in Sources */,
				DF9DD5B12B3008F000941097 /* SplashPresenterMock.swift in Sources */,
				DF9DD5CF2B30230300941097 /* LoginViewControllerTests.swift in Sources */,
				DFFACE172B302D6E009E8FC7 /* GovinfoTests.swift in Sources */,
				DF9DD5B92B300D4700941097 /* SplashViewControllerMock.swift in Sources */,
				DF9DD5BB2B3011C100941097 /* SplashViewcontrollerTests.swift in Sources */,
				DF9DD5DA2B30232E00941097 /* LoginRouterMock.swift in Sources */,
				DF9DD5C62B301F8000941097 /* UIAlertController+Extension.swift in Sources */,
				DF4AC9F22B303256006A3B63 /* BiometricHelperMock.swift in Sources */,
				DF9DD5D62B30232100941097 /* LoginPresenterMock.swift in Sources */,
				DF9DD5C12B301E1000941097 /* SplashViewUITests.swift in Sources */,
				DF9DD5E02B302A3100941097 /* FirebaseHelperMock.swift in Sources */,
				DF9DD5C32B301F2000941097 /* SplashEntityTests.swift in Sources */,
				DF9DD5DC2B30233400941097 /* LoginViewControllerMock.swift in Sources */,
				DF9DD5B72B300B5F00941097 /* SplasRouterMock.swift in Sources */,
				DF9DD5C92B3022F100941097 /* LoginPresenterTests.swift in Sources */,
				DF9DD5D82B30232800941097 /* LoginInteractorMock.swift in Sources */,
				DF9DD5D12B30230900941097 /* LoginViewUITests.swift in Sources */,
				DF9DD5B52B300B1900941097 /* SplashInteractorMock.swift in Sources */,
			);
			runOnlyForDeploymentPostprocessing = 0;
		};
		DFA9F3E12B2A15B7004B24AE /* Sources */ = {
			isa = PBXSourcesBuildPhase;
			buildActionMask = 2147483647;
			files = (
				DF9DD5BD2B3019D900941097 /* GovinfoUITests.swift in Sources */,
				DF9DD5BF2B3019DF00941097 /* GovinfoUITestsLaunchTests.swift in Sources */,
			);
			runOnlyForDeploymentPostprocessing = 0;
		};
/* End PBXSourcesBuildPhase section */

/* Begin PBXTargetDependency section */
		DFA9F3DD2B2A15B7004B24AE /* PBXTargetDependency */ = {
			isa = PBXTargetDependency;
			target = DFA9F3C12B2A15B6004B24AE /* Govinfo */;
			targetProxy = DFA9F3DC2B2A15B7004B24AE /* PBXContainerItemProxy */;
		};
		DFA9F3E72B2A15B7004B24AE /* PBXTargetDependency */ = {
			isa = PBXTargetDependency;
			target = DFA9F3C12B2A15B6004B24AE /* Govinfo */;
			targetProxy = DFA9F3E62B2A15B7004B24AE /* PBXContainerItemProxy */;
		};
/* End PBXTargetDependency section */

/* Begin PBXVariantGroup section */
		DF6D3BAF2B2A61E60018EDCC /* Localizable.strings */ = {
			isa = PBXVariantGroup;
			children = (
				DF6D3BAE2B2A61E60018EDCC /* en */,
			);
			name = Localizable.strings;
			sourceTree = "<group>";
		};
/* End PBXVariantGroup section */

/* Begin XCBuildConfiguration section */
		DFA9F3ED2B2A15B7004B24AE /* Debug */ = {
			isa = XCBuildConfiguration;
			buildSettings = {
				ALWAYS_SEARCH_USER_PATHS = NO;
				CLANG_ANALYZER_LOCALIZABILITY_NONLOCALIZED = YES;
				CLANG_ANALYZER_NONNULL = YES;
				CLANG_ANALYZER_NUMBER_OBJECT_CONVERSION = YES_AGGRESSIVE;
				CLANG_CXX_LANGUAGE_STANDARD = "gnu++20";
				CLANG_ENABLE_MODULES = YES;
				CLANG_ENABLE_OBJC_ARC = YES;
				CLANG_ENABLE_OBJC_WEAK = YES;
				CLANG_WARN_BLOCK_CAPTURE_AUTORELEASING = YES;
				CLANG_WARN_BOOL_CONVERSION = YES;
				CLANG_WARN_COMMA = YES;
				CLANG_WARN_CONSTANT_CONVERSION = YES;
				CLANG_WARN_DEPRECATED_OBJC_IMPLEMENTATIONS = YES;
				CLANG_WARN_DIRECT_OBJC_ISA_USAGE = YES_ERROR;
				CLANG_WARN_DOCUMENTATION_COMMENTS = YES;
				CLANG_WARN_EMPTY_BODY = YES;
				CLANG_WARN_ENUM_CONVERSION = YES;
				CLANG_WARN_INFINITE_RECURSION = YES;
				CLANG_WARN_INT_CONVERSION = YES;
				CLANG_WARN_NON_LITERAL_NULL_CONVERSION = YES;
				CLANG_WARN_OBJC_IMPLICIT_RETAIN_SELF = YES;
				CLANG_WARN_OBJC_LITERAL_CONVERSION = YES;
				CLANG_WARN_OBJC_ROOT_CLASS = YES_ERROR;
				CLANG_WARN_QUOTED_INCLUDE_IN_FRAMEWORK_HEADER = YES;
				CLANG_WARN_RANGE_LOOP_ANALYSIS = YES;
				CLANG_WARN_STRICT_PROTOTYPES = YES;
				CLANG_WARN_SUSPICIOUS_MOVE = YES;
				CLANG_WARN_UNGUARDED_AVAILABILITY = YES_AGGRESSIVE;
				CLANG_WARN_UNREACHABLE_CODE = YES;
				CLANG_WARN__DUPLICATE_METHOD_MATCH = YES;
				COPY_PHASE_STRIP = NO;
				DEBUG_INFORMATION_FORMAT = dwarf;
				ENABLE_STRICT_OBJC_MSGSEND = YES;
				ENABLE_TESTABILITY = YES;
				GCC_C_LANGUAGE_STANDARD = gnu11;
				GCC_DYNAMIC_NO_PIC = NO;
				GCC_NO_COMMON_BLOCKS = YES;
				GCC_OPTIMIZATION_LEVEL = 0;
				GCC_PREPROCESSOR_DEFINITIONS = (
					"DEBUG=1",
					"$(inherited)",
				);
				GCC_WARN_64_TO_32_BIT_CONVERSION = YES;
				GCC_WARN_ABOUT_RETURN_TYPE = YES_ERROR;
				GCC_WARN_UNDECLARED_SELECTOR = YES;
				GCC_WARN_UNINITIALIZED_AUTOS = YES_AGGRESSIVE;
				GCC_WARN_UNUSED_FUNCTION = YES;
				GCC_WARN_UNUSED_VARIABLE = YES;
				IPHONEOS_DEPLOYMENT_TARGET = 12.0;
				MTL_ENABLE_DEBUG_INFO = INCLUDE_SOURCE;
				MTL_FAST_MATH = YES;
				ONLY_ACTIVE_ARCH = YES;
				SDKROOT = iphoneos;
				SWIFT_ACTIVE_COMPILATION_CONDITIONS = DEBUG;
				SWIFT_OPTIMIZATION_LEVEL = "-Onone";
			};
			name = Debug;
		};
		DFA9F3EE2B2A15B7004B24AE /* Release */ = {
			isa = XCBuildConfiguration;
			buildSettings = {
				ALWAYS_SEARCH_USER_PATHS = NO;
				CLANG_ANALYZER_LOCALIZABILITY_NONLOCALIZED = YES;
				CLANG_ANALYZER_NONNULL = YES;
				CLANG_ANALYZER_NUMBER_OBJECT_CONVERSION = YES_AGGRESSIVE;
				CLANG_CXX_LANGUAGE_STANDARD = "gnu++20";
				CLANG_ENABLE_MODULES = YES;
				CLANG_ENABLE_OBJC_ARC = YES;
				CLANG_ENABLE_OBJC_WEAK = YES;
				CLANG_WARN_BLOCK_CAPTURE_AUTORELEASING = YES;
				CLANG_WARN_BOOL_CONVERSION = YES;
				CLANG_WARN_COMMA = YES;
				CLANG_WARN_CONSTANT_CONVERSION = YES;
				CLANG_WARN_DEPRECATED_OBJC_IMPLEMENTATIONS = YES;
				CLANG_WARN_DIRECT_OBJC_ISA_USAGE = YES_ERROR;
				CLANG_WARN_DOCUMENTATION_COMMENTS = YES;
				CLANG_WARN_EMPTY_BODY = YES;
				CLANG_WARN_ENUM_CONVERSION = YES;
				CLANG_WARN_INFINITE_RECURSION = YES;
				CLANG_WARN_INT_CONVERSION = YES;
				CLANG_WARN_NON_LITERAL_NULL_CONVERSION = YES;
				CLANG_WARN_OBJC_IMPLICIT_RETAIN_SELF = YES;
				CLANG_WARN_OBJC_LITERAL_CONVERSION = YES;
				CLANG_WARN_OBJC_ROOT_CLASS = YES_ERROR;
				CLANG_WARN_QUOTED_INCLUDE_IN_FRAMEWORK_HEADER = YES;
				CLANG_WARN_RANGE_LOOP_ANALYSIS = YES;
				CLANG_WARN_STRICT_PROTOTYPES = YES;
				CLANG_WARN_SUSPICIOUS_MOVE = YES;
				CLANG_WARN_UNGUARDED_AVAILABILITY = YES_AGGRESSIVE;
				CLANG_WARN_UNREACHABLE_CODE = YES;
				CLANG_WARN__DUPLICATE_METHOD_MATCH = YES;
				COPY_PHASE_STRIP = NO;
				DEBUG_INFORMATION_FORMAT = "dwarf-with-dsym";
				ENABLE_NS_ASSERTIONS = NO;
				ENABLE_STRICT_OBJC_MSGSEND = YES;
				GCC_C_LANGUAGE_STANDARD = gnu11;
				GCC_NO_COMMON_BLOCKS = YES;
				GCC_WARN_64_TO_32_BIT_CONVERSION = YES;
				GCC_WARN_ABOUT_RETURN_TYPE = YES_ERROR;
				GCC_WARN_UNDECLARED_SELECTOR = YES;
				GCC_WARN_UNINITIALIZED_AUTOS = YES_AGGRESSIVE;
				GCC_WARN_UNUSED_FUNCTION = YES;
				GCC_WARN_UNUSED_VARIABLE = YES;
				IPHONEOS_DEPLOYMENT_TARGET = 12.0;
				MTL_ENABLE_DEBUG_INFO = NO;
				MTL_FAST_MATH = YES;
				SDKROOT = iphoneos;
				SWIFT_COMPILATION_MODE = wholemodule;
				SWIFT_OPTIMIZATION_LEVEL = "-O";
				VALIDATE_PRODUCT = YES;
			};
			name = Release;
		};
		DFA9F3F02B2A15B7004B24AE /* Debug */ = {
			isa = XCBuildConfiguration;
			buildSettings = {
				ASSETCATALOG_COMPILER_APPICON_NAME = AppIcon;
				ASSETCATALOG_COMPILER_GLOBAL_ACCENT_COLOR_NAME = AccentColor;
				CODE_SIGN_IDENTITY = "Apple Development";
				CODE_SIGN_STYLE = Automatic;
				CURRENT_PROJECT_VERSION = 1;
				DEVELOPMENT_TEAM = DX65CAV54R;
				GENERATE_INFOPLIST_FILE = YES;
				INFOPLIST_FILE = Govinfo/Info.plist;
				INFOPLIST_KEY_NSLocationAlwaysAndWhenInUseUsageDescription = "Please allow us to check your current location to help us to improve your experience";
				INFOPLIST_KEY_NSLocationUsageDescription = "Please allow us to check your current location to help us to improve your experience";
				INFOPLIST_KEY_NSLocationWhenInUseUsageDescription = "Please allow us to check your current location to help us to improve your experience";
				INFOPLIST_KEY_UIApplicationSupportsIndirectInputEvents = YES;
				INFOPLIST_KEY_UILaunchStoryboardName = LaunchScreen;
				INFOPLIST_KEY_UISupportedInterfaceOrientations = UIInterfaceOrientationPortrait;
				IPHONEOS_DEPLOYMENT_TARGET = 12.0;
				LD_RUNPATH_SEARCH_PATHS = (
					"$(inherited)",
					"@executable_path/Frameworks",
				);
				MARKETING_VERSION = 1.0;
				PRODUCT_BUNDLE_IDENTIFIER = "com.luis-g-rano.Govinfo";
				PRODUCT_NAME = "$(TARGET_NAME)";
				PROVISIONING_PROFILE_SPECIFIER = "";
				SUPPORTED_PLATFORMS = "iphoneos iphonesimulator";
				SUPPORTS_MACCATALYST = NO;
				SUPPORTS_MAC_DESIGNED_FOR_IPHONE_IPAD = NO;
				SWIFT_EMIT_LOC_STRINGS = YES;
				SWIFT_VERSION = 5.0;
				TARGETED_DEVICE_FAMILY = 1;
			};
			name = Debug;
		};
		DFA9F3F12B2A15B7004B24AE /* Release */ = {
			isa = XCBuildConfiguration;
			buildSettings = {
				ASSETCATALOG_COMPILER_APPICON_NAME = AppIcon;
				ASSETCATALOG_COMPILER_GLOBAL_ACCENT_COLOR_NAME = AccentColor;
				CODE_SIGN_IDENTITY = "Apple Development";
				CODE_SIGN_STYLE = Automatic;
				CURRENT_PROJECT_VERSION = 1;
				DEVELOPMENT_TEAM = DX65CAV54R;
				GENERATE_INFOPLIST_FILE = YES;
				INFOPLIST_FILE = Govinfo/Info.plist;
				INFOPLIST_KEY_NSLocationAlwaysAndWhenInUseUsageDescription = "Please allow us to check your current location to help us to improve your experience";
				INFOPLIST_KEY_NSLocationUsageDescription = "Please allow us to check your current location to help us to improve your experience";
				INFOPLIST_KEY_NSLocationWhenInUseUsageDescription = "Please allow us to check your current location to help us to improve your experience";
				INFOPLIST_KEY_UIApplicationSupportsIndirectInputEvents = YES;
				INFOPLIST_KEY_UILaunchStoryboardName = LaunchScreen;
				INFOPLIST_KEY_UISupportedInterfaceOrientations = UIInterfaceOrientationPortrait;
				IPHONEOS_DEPLOYMENT_TARGET = 12.0;
				LD_RUNPATH_SEARCH_PATHS = (
					"$(inherited)",
					"@executable_path/Frameworks",
				);
				MARKETING_VERSION = 1.0;
				PRODUCT_BUNDLE_IDENTIFIER = "com.luis-g-rano.Govinfo";
				PRODUCT_NAME = "$(TARGET_NAME)";
				PROVISIONING_PROFILE_SPECIFIER = "";
				SUPPORTED_PLATFORMS = "iphoneos iphonesimulator";
				SUPPORTS_MACCATALYST = NO;
				SUPPORTS_MAC_DESIGNED_FOR_IPHONE_IPAD = NO;
				SWIFT_EMIT_LOC_STRINGS = YES;
				SWIFT_VERSION = 5.0;
				TARGETED_DEVICE_FAMILY = 1;
			};
			name = Release;
		};
		DFA9F3F32B2A15B7004B24AE /* Debug */ = {
			isa = XCBuildConfiguration;
			buildSettings = {
				ALWAYS_EMBED_SWIFT_STANDARD_LIBRARIES = YES;
				BUNDLE_LOADER = "$(TEST_HOST)";
				CODE_SIGN_STYLE = Automatic;
				CURRENT_PROJECT_VERSION = 1;
				DEVELOPMENT_TEAM = DX65CAV54R;
				GENERATE_INFOPLIST_FILE = YES;
				IPHONEOS_DEPLOYMENT_TARGET = 13.0;
				MARKETING_VERSION = 1.0;
				PRODUCT_BUNDLE_IDENTIFIER = "com.luis-g-rano.GovinfoTests";
				PRODUCT_NAME = "$(TARGET_NAME)";
				SUPPORTED_PLATFORMS = "iphoneos iphonesimulator";
				SUPPORTS_MACCATALYST = NO;
				SUPPORTS_MAC_DESIGNED_FOR_IPHONE_IPAD = NO;
				SWIFT_EMIT_LOC_STRINGS = NO;
				SWIFT_VERSION = 5.0;
				TARGETED_DEVICE_FAMILY = 1;
				TEST_HOST = "$(BUILT_PRODUCTS_DIR)/Govinfo.app/$(BUNDLE_EXECUTABLE_FOLDER_PATH)/Govinfo";
			};
			name = Debug;
		};
		DFA9F3F42B2A15B7004B24AE /* Release */ = {
			isa = XCBuildConfiguration;
			buildSettings = {
				ALWAYS_EMBED_SWIFT_STANDARD_LIBRARIES = YES;
				BUNDLE_LOADER = "$(TEST_HOST)";
				CODE_SIGN_STYLE = Automatic;
				CURRENT_PROJECT_VERSION = 1;
				DEVELOPMENT_TEAM = DX65CAV54R;
				GENERATE_INFOPLIST_FILE = YES;
				IPHONEOS_DEPLOYMENT_TARGET = 13.0;
				MARKETING_VERSION = 1.0;
				PRODUCT_BUNDLE_IDENTIFIER = "com.luis-g-rano.GovinfoTests";
				PRODUCT_NAME = "$(TARGET_NAME)";
				SUPPORTED_PLATFORMS = "iphoneos iphonesimulator";
				SUPPORTS_MACCATALYST = NO;
				SUPPORTS_MAC_DESIGNED_FOR_IPHONE_IPAD = NO;
				SWIFT_EMIT_LOC_STRINGS = NO;
				SWIFT_VERSION = 5.0;
				TARGETED_DEVICE_FAMILY = 1;
				TEST_HOST = "$(BUILT_PRODUCTS_DIR)/Govinfo.app/$(BUNDLE_EXECUTABLE_FOLDER_PATH)/Govinfo";
			};
			name = Release;
		};
		DFA9F3F62B2A15B7004B24AE /* Debug */ = {
			isa = XCBuildConfiguration;
			buildSettings = {
				ALWAYS_EMBED_SWIFT_STANDARD_LIBRARIES = YES;
				CLANG_ENABLE_MODULES = YES;
				CODE_SIGN_STYLE = Automatic;
				CURRENT_PROJECT_VERSION = 1;
				DEVELOPMENT_TEAM = DX65CAV54R;
				GENERATE_INFOPLIST_FILE = YES;
				IPHONEOS_DEPLOYMENT_TARGET = 13.0;
				MARKETING_VERSION = 1.0;
				PRODUCT_BUNDLE_IDENTIFIER = "com.luis-g-rano.GovinfoUITests";
				PRODUCT_NAME = "$(TARGET_NAME)";
				SUPPORTED_PLATFORMS = "iphoneos iphonesimulator";
				SUPPORTS_MACCATALYST = NO;
				SUPPORTS_MAC_DESIGNED_FOR_IPHONE_IPAD = NO;
				SWIFT_EMIT_LOC_STRINGS = NO;
				SWIFT_OPTIMIZATION_LEVEL = "-Onone";
				SWIFT_VERSION = 5.0;
				TARGETED_DEVICE_FAMILY = 1;
				TEST_TARGET_NAME = Govinfo;
			};
			name = Debug;
		};
		DFA9F3F72B2A15B7004B24AE /* Release */ = {
			isa = XCBuildConfiguration;
			buildSettings = {
				ALWAYS_EMBED_SWIFT_STANDARD_LIBRARIES = YES;
				CLANG_ENABLE_MODULES = YES;
				CODE_SIGN_STYLE = Automatic;
				CURRENT_PROJECT_VERSION = 1;
				DEVELOPMENT_TEAM = DX65CAV54R;
				GENERATE_INFOPLIST_FILE = YES;
				IPHONEOS_DEPLOYMENT_TARGET = 13.0;
				MARKETING_VERSION = 1.0;
				PRODUCT_BUNDLE_IDENTIFIER = "com.luis-g-rano.GovinfoUITests";
				PRODUCT_NAME = "$(TARGET_NAME)";
				SUPPORTED_PLATFORMS = "iphoneos iphonesimulator";
				SUPPORTS_MACCATALYST = NO;
				SUPPORTS_MAC_DESIGNED_FOR_IPHONE_IPAD = NO;
				SWIFT_EMIT_LOC_STRINGS = NO;
				SWIFT_VERSION = 5.0;
				TARGETED_DEVICE_FAMILY = 1;
				TEST_TARGET_NAME = Govinfo;
			};
			name = Release;
		};
/* End XCBuildConfiguration section */

/* Begin XCConfigurationList section */
		DFA9F3BD2B2A15B6004B24AE /* Build configuration list for PBXProject "Govinfo" */ = {
			isa = XCConfigurationList;
			buildConfigurations = (
				DFA9F3ED2B2A15B7004B24AE /* Debug */,
				DFA9F3EE2B2A15B7004B24AE /* Release */,
			);
			defaultConfigurationIsVisible = 0;
			defaultConfigurationName = Release;
		};
		DFA9F3EF2B2A15B7004B24AE /* Build configuration list for PBXNativeTarget "Govinfo" */ = {
			isa = XCConfigurationList;
			buildConfigurations = (
				DFA9F3F02B2A15B7004B24AE /* Debug */,
				DFA9F3F12B2A15B7004B24AE /* Release */,
			);
			defaultConfigurationIsVisible = 0;
			defaultConfigurationName = Release;
		};
		DFA9F3F22B2A15B7004B24AE /* Build configuration list for PBXNativeTarget "GovinfoTests" */ = {
			isa = XCConfigurationList;
			buildConfigurations = (
				DFA9F3F32B2A15B7004B24AE /* Debug */,
				DFA9F3F42B2A15B7004B24AE /* Release */,
			);
			defaultConfigurationIsVisible = 0;
			defaultConfigurationName = Release;
		};
		DFA9F3F52B2A15B7004B24AE /* Build configuration list for PBXNativeTarget "GovinfoUITests" */ = {
			isa = XCConfigurationList;
			buildConfigurations = (
				DFA9F3F62B2A15B7004B24AE /* Debug */,
				DFA9F3F72B2A15B7004B24AE /* Release */,
			);
			defaultConfigurationIsVisible = 0;
			defaultConfigurationName = Release;
		};
/* End XCConfigurationList section */
	};
	rootObject = DFA9F3BA2B2A15B6004B24AE /* Project object */;
}
